
Microsoft Visual Studio Solution File, Format Version 12.00
Project("{FAE04EC0-301F-11D3-BF4B-00C04F79EFBC}") = "Git Hello World", "Git Hello World\Git Hello World.csproj", "{EC53B555-E3DF-4D77-8004-FA9DB7EC10C6}"
EndProject
Global
	GlobalSection(SolutionConfigurationPlatforms) = preSolution
		Debug|Any CPU = Debug|Any CPU
		Release|Any CPU = Release|Any CPU
	EndGlobalSection
	GlobalSection(ProjectConfigurationPlatforms) = postSolution
		{EC53B555-E3DF-4D77-8004-FA9DB7EC10C6}.Debug|Any CPU.ActiveCfg = Debug|Any CPU
		{EC53B555-E3DF-4D77-8004-FA9DB7EC10C6}.Debug|Any CPU.Build.0 = Debug|Any CPU
		{EC53B555-E3DF-4D77-8004-FA9DB7EC10C6}.Release|Any CPU.ActiveCfg = Release|Any CPU
		{EC53B555-E3DF-4D77-8004-FA9DB7EC10C6}.Release|Any CPU.Build.0 = Release|Any CPU
	EndGlobalSection
EndGlobal
